
Microsoft Visual Studio Solution File, Format Version 12.00
# Visual Studio 15
VisualStudioVersion = 15.0.26228.4
MinimumVisualStudioVersion = 10.0.40219.1
Project("{2150E333-8FDC-42A3-9474-1A3956D46DE8}") = "build", "build", "{2CFA7432-2FA7-4CF3-87DC-217C1363E11D}"
	ProjectSection(SolutionItems) = preProject
		build\common.props = build\common.props
		build\dependencies.props = build\dependencies.props
		build\key.snk = build\key.snk
		build\packages.props = build\packages.props
		build\repo.props = build\repo.props
		build\tests.props = build\tests.props
		build\version.props = build\version.props
	EndProjectSection
EndProject
Project("{2150E333-8FDC-42A3-9474-1A3956D46DE8}") = "src", "src", "{7AADF737-9B13-4E5C-8F32-8BF21429E093}"
EndProject
Project("{2150E333-8FDC-42A3-9474-1A3956D46DE8}") = "test", "test", "{2B1B08E0-E9A3-40C0-B200-DE09952AF0E7}"
EndProject
Project("{9A19103F-16F7-4668-BE54-9A1E7A4F7556}") = "AspNet.Security.OAuth.Introspection", "src\AspNet.Security.OAuth.Introspection\AspNet.Security.OAuth.Introspection.csproj", "{A8569260-142C-427A-8B14-A8DF56CC15B7}"
EndProject
Project("{9A19103F-16F7-4668-BE54-9A1E7A4F7556}") = "AspNet.Security.OAuth.Introspection.Tests", "test\AspNet.Security.OAuth.Introspection.Tests\AspNet.Security.OAuth.Introspection.Tests.csproj", "{4070DC46-0FD5-4ADD-95B3-E9908AD82407}"
EndProject
Project("{9A19103F-16F7-4668-BE54-9A1E7A4F7556}") = "AspNet.Security.OAuth.Validation", "src\AspNet.Security.OAuth.Validation\AspNet.Security.OAuth.Validation.csproj", "{043FD757-9C69-4A68-93BF-EAD2672BBD78}"
EndProject
Project("{9A19103F-16F7-4668-BE54-9A1E7A4F7556}") = "AspNet.Security.OAuth.Validation.Tests", "test\AspNet.Security.OAuth.Validation.Tests\AspNet.Security.OAuth.Validation.Tests.csproj", "{FC99E58D-86BC-4EAD-B282-C9F1491CCF96}"
EndProject
Project("{9A19103F-16F7-4668-BE54-9A1E7A4F7556}") = "Owin.Security.OAuth.Introspection", "src\Owin.Security.OAuth.Introspection\Owin.Security.OAuth.Introspection.csproj", "{F9031F69-74BF-4321-88D5-2A606D3DA4E4}"
EndProject
Project("{9A19103F-16F7-4668-BE54-9A1E7A4F7556}") = "Owin.Security.OAuth.Introspection.Tests", "test\Owin.Security.OAuth.Introspection.Tests\Owin.Security.OAuth.Introspection.Tests.csproj", "{A6B08CB3-0B3E-444D-BCF1-E9E41CEEC984}"
EndProject
Project("{9A19103F-16F7-4668-BE54-9A1E7A4F7556}") = "Owin.Security.OAuth.Validation", "src\Owin.Security.OAuth.Validation\Owin.Security.OAuth.Validation.csproj", "{719AF040-773B-4DA5-B53E-28B26D1121FF}"
EndProject
Project("{9A19103F-16F7-4668-BE54-9A1E7A4F7556}") = "Owin.Security.OAuth.Validation.Tests", "test\Owin.Security.OAuth.Validation.Tests\Owin.Security.OAuth.Validation.Tests.csproj", "{6DC60DCF-B34B-4F14-9E73-BE466059A9B2}"
EndProject
Global
	GlobalSection(SolutionConfigurationPlatforms) = preSolution
		Debug|Any CPU = Debug|Any CPU
		Release|Any CPU = Release|Any CPU
	EndGlobalSection
	GlobalSection(ProjectConfigurationPlatforms) = postSolution
		{A8569260-142C-427A-8B14-A8DF56CC15B7}.Debug|Any CPU.ActiveCfg = Debug|Any CPU
		{A8569260-142C-427A-8B14-A8DF56CC15B7}.Debug|Any CPU.Build.0 = Debug|Any CPU
		{A8569260-142C-427A-8B14-A8DF56CC15B7}.Release|Any CPU.ActiveCfg = Release|Any CPU
		{A8569260-142C-427A-8B14-A8DF56CC15B7}.Release|Any CPU.Build.0 = Release|Any CPU
		{4070DC46-0FD5-4ADD-95B3-E9908AD82407}.Debug|Any CPU.ActiveCfg = Debug|Any CPU
		{4070DC46-0FD5-4ADD-95B3-E9908AD82407}.Debug|Any CPU.Build.0 = Debug|Any CPU
		{4070DC46-0FD5-4ADD-95B3-E9908AD82407}.Release|Any CPU.ActiveCfg = Release|Any CPU
		{4070DC46-0FD5-4ADD-95B3-E9908AD82407}.Release|Any CPU.Build.0 = Release|Any CPU
		{043FD757-9C69-4A68-93BF-EAD2672BBD78}.Debug|Any CPU.ActiveCfg = Debug|Any CPU
		{043FD757-9C69-4A68-93BF-EAD2672BBD78}.Debug|Any CPU.Build.0 = Debug|Any CPU
		{043FD757-9C69-4A68-93BF-EAD2672BBD78}.Release|Any CPU.ActiveCfg = Release|Any CPU
		{043FD757-9C69-4A68-93BF-EAD2672BBD78}.Release|Any CPU.Build.0 = Release|Any CPU
		{FC99E58D-86BC-4EAD-B282-C9F1491CCF96}.Debug|Any CPU.ActiveCfg = Debug|Any CPU
		{FC99E58D-86BC-4EAD-B282-C9F1491CCF96}.Debug|Any CPU.Build.0 = Debug|Any CPU
		{FC99E58D-86BC-4EAD-B282-C9F1491CCF96}.Release|Any CPU.ActiveCfg = Release|Any CPU
		{FC99E58D-86BC-4EAD-B282-C9F1491CCF96}.Release|Any CPU.Build.0 = Release|Any CPU
		{F9031F69-74BF-4321-88D5-2A606D3DA4E4}.Debug|Any CPU.ActiveCfg = Debug|Any CPU
		{F9031F69-74BF-4321-88D5-2A606D3DA4E4}.Debug|Any CPU.Build.0 = Debug|Any CPU
		{F9031F69-74BF-4321-88D5-2A606D3DA4E4}.Release|Any CPU.ActiveCfg = Release|Any CPU
		{F9031F69-74BF-4321-88D5-2A606D3DA4E4}.Release|Any CPU.Build.0 = Release|Any CPU
		{A6B08CB3-0B3E-444D-BCF1-E9E41CEEC984}.Debug|Any CPU.ActiveCfg = Debug|Any CPU
		{A6B08CB3-0B3E-444D-BCF1-E9E41CEEC984}.Debug|Any CPU.Build.0 = Debug|Any CPU
		{A6B08CB3-0B3E-444D-BCF1-E9E41CEEC984}.Release|Any CPU.ActiveCfg = Release|Any CPU
		{A6B08CB3-0B3E-444D-BCF1-E9E41CEEC984}.Release|Any CPU.Build.0 = Release|Any CPU
		{719AF040-773B-4DA5-B53E-28B26D1121FF}.Debug|Any CPU.ActiveCfg = Debug|Any CPU
		{719AF040-773B-4DA5-B53E-28B26D1121FF}.Debug|Any CPU.Build.0 = Debug|Any CPU
		{719AF040-773B-4DA5-B53E-28B26D1121FF}.Release|Any CPU.ActiveCfg = Release|Any CPU
		{719AF040-773B-4DA5-B53E-28B26D1121FF}.Release|Any CPU.Build.0 = Release|Any CPU
		{6DC60DCF-B34B-4F14-9E73-BE466059A9B2}.Debug|Any CPU.ActiveCfg = Debug|Any CPU
		{6DC60DCF-B34B-4F14-9E73-BE466059A9B2}.Debug|Any CPU.Build.0 = Debug|Any CPU
		{6DC60DCF-B34B-4F14-9E73-BE466059A9B2}.Release|Any CPU.ActiveCfg = Release|Any CPU
		{6DC60DCF-B34B-4F14-9E73-BE466059A9B2}.Release|Any CPU.Build.0 = Release|Any CPU
	EndGlobalSection
	GlobalSection(SolutionProperties) = preSolution
		HideSolutionNode = FALSE
	EndGlobalSection
	GlobalSection(NestedProjects) = preSolution
		{A8569260-142C-427A-8B14-A8DF56CC15B7} = {7AADF737-9B13-4E5C-8F32-8BF21429E093}
		{4070DC46-0FD5-4ADD-95B3-E9908AD82407} = {2B1B08E0-E9A3-40C0-B200-DE09952AF0E7}
		{043FD757-9C69-4A68-93BF-EAD2672BBD78} = {7AADF737-9B13-4E5C-8F32-8BF21429E093}
		{FC99E58D-86BC-4EAD-B282-C9F1491CCF96} = {2B1B08E0-E9A3-40C0-B200-DE09952AF0E7}
		{F9031F69-74BF-4321-88D5-2A606D3DA4E4} = {7AADF737-9B13-4E5C-8F32-8BF21429E093}
		{A6B08CB3-0B3E-444D-BCF1-E9E41CEEC984} = {2B1B08E0-E9A3-40C0-B200-DE09952AF0E7}
		{719AF040-773B-4DA5-B53E-28B26D1121FF} = {7AADF737-9B13-4E5C-8F32-8BF21429E093}
		{6DC60DCF-B34B-4F14-9E73-BE466059A9B2} = {2B1B08E0-E9A3-40C0-B200-DE09952AF0E7}
	EndGlobalSection
	GlobalSection(ExtensibilityGlobals) = postSolution
		SolutionGuid = {7DD610CB-5D2D-4AEB-B5D3-4DEEB694AA36}
	EndGlobalSection
EndGlobal
